
Microsoft Visual Studio Solution File, Format Version 12.00
# Visual Studio Version 17
VisualStudioVersion = 17.10.35013.160
MinimumVisualStudioVersion = 10.0.40219.1
Project("{FAE04EC0-301F-11D3-BF4B-00C04F79EFBC}") = "QuanLyChiTieu", "QuanLyChiTieu\QuanLyChiTieu.csproj", "{0F605ED0-4794-481D-BC1F-4F2DA96F787C}"
EndProject
Global
	GlobalSection(SolutionConfigurationPlatforms) = preSolution
		Debug|Any CPU = Debug|Any CPU
		Release|Any CPU = Release|Any CPU
	EndGlobalSection
	GlobalSection(ProjectConfigurationPlatforms) = postSolution
		{0F605ED0-4794-481D-BC1F-4F2DA96F787C}.Debug|Any CPU.ActiveCfg = Debug|Any CPU
		{0F605ED0-4794-481D-BC1F-4F2DA96F787C}.Debug|Any CPU.Build.0 = Debug|Any CPU
		{0F605ED0-4794-481D-BC1F-4F2DA96F787C}.Release|Any CPU.ActiveCfg = Release|Any CPU
		{0F605ED0-4794-481D-BC1F-4F2DA96F787C}.Release|Any CPU.Build.0 = Release|Any CPU
	EndGlobalSection
	GlobalSection(SolutionProperties) = preSolution
		HideSolutionNode = FALSE
	EndGlobalSection
	GlobalSection(ExtensibilityGlobals) = postSolution
		SolutionGuid = {DC1C1526-805E-44A8-A0F8-34BFF21EE3E2}
	EndGlobalSection
EndGlobal
